
Microsoft Visual Studio Solution File, Format Version 12.00
# Visual Studio Version 17
VisualStudioVersion = 17.6.33829.357
MinimumVisualStudioVersion = 10.0.40219.1
Project("{9A19103F-16F7-4668-BE54-9A1E7A4F7556}") = "EShopWeb", "EcommerceWeb\EShopWeb.csproj", "{C8217F45-904B-4EF4-9F87-86FEB28B1A32}"
EndProject
Project("{9A19103F-16F7-4668-BE54-9A1E7A4F7556}") = "EShop.DataAccess", "Ecommerce.DataAccess\EShop.DataAccess.csproj", "{EB8A9B5B-E9CB-4782-833B-E5DDB4430EE6}"
EndProject
Project("{9A19103F-16F7-4668-BE54-9A1E7A4F7556}") = "EShop.Models", "Ecommerce.Models\EShop.Models.csproj", "{CAE7DF63-247A-4185-81C4-E9AE07FCB119}"
EndProject
Project("{9A19103F-16F7-4668-BE54-9A1E7A4F7556}") = "EShop.Utility", "Ecommerce.Utility\EShop.Utility.csproj", "{1EEFB3F5-ADC7-4F2E-A8BC-6F174EF2C3ED}"
EndProject
Global
	GlobalSection(SolutionConfigurationPlatforms) = preSolution
		Debug|Any CPU = Debug|Any CPU
		Release|Any CPU = Release|Any CPU
	EndGlobalSection
	GlobalSection(ProjectConfigurationPlatforms) = postSolution
		{C8217F45-904B-4EF4-9F87-86FEB28B1A32}.Debug|Any CPU.ActiveCfg = Debug|Any CPU
		{C8217F45-904B-4EF4-9F87-86FEB28B1A32}.Debug|Any CPU.Build.0 = Debug|Any CPU
		{C8217F45-904B-4EF4-9F87-86FEB28B1A32}.Release|Any CPU.ActiveCfg = Release|Any CPU
		{C8217F45-904B-4EF4-9F87-86FEB28B1A32}.Release|Any CPU.Build.0 = Release|Any CPU
		{EB8A9B5B-E9CB-4782-833B-E5DDB4430EE6}.Debug|Any CPU.ActiveCfg = Debug|Any CPU
		{EB8A9B5B-E9CB-4782-833B-E5DDB4430EE6}.Debug|Any CPU.Build.0 = Debug|Any CPU
		{EB8A9B5B-E9CB-4782-833B-E5DDB4430EE6}.Release|Any CPU.ActiveCfg = Release|Any CPU
		{EB8A9B5B-E9CB-4782-833B-E5DDB4430EE6}.Release|Any CPU.Build.0 = Release|Any CPU
		{CAE7DF63-247A-4185-81C4-E9AE07FCB119}.Debug|Any CPU.ActiveCfg = Debug|Any CPU
		{CAE7DF63-247A-4185-81C4-E9AE07FCB119}.Debug|Any CPU.Build.0 = Debug|Any CPU
		{CAE7DF63-247A-4185-81C4-E9AE07FCB119}.Release|Any CPU.ActiveCfg = Release|Any CPU
		{CAE7DF63-247A-4185-81C4-E9AE07FCB119}.Release|Any CPU.Build.0 = Release|Any CPU
		{1EEFB3F5-ADC7-4F2E-A8BC-6F174EF2C3ED}.Debug|Any CPU.ActiveCfg = Debug|Any CPU
		{1EEFB3F5-ADC7-4F2E-A8BC-6F174EF2C3ED}.Debug|Any CPU.Build.0 = Debug|Any CPU
		{1EEFB3F5-ADC7-4F2E-A8BC-6F174EF2C3ED}.Release|Any CPU.ActiveCfg = Release|Any CPU
		{1EEFB3F5-ADC7-4F2E-A8BC-6F174EF2C3ED}.Release|Any CPU.Build.0 = Release|Any CPU
	EndGlobalSection
	GlobalSection(SolutionProperties) = preSolution
		HideSolutionNode = FALSE
	EndGlobalSection
	GlobalSection(ExtensibilityGlobals) = postSolution
		SolutionGuid = {7E475C66-CB44-412A-957B-52C0DF234659}
	EndGlobalSection
EndGlobal
